<?xml version="1.0" encoding="utf-8"?>
<Project ToolsVersion="4.0" xmlns="http://schemas.microsoft.com/developer/msbuild/2003">
  <ItemGroup>
    <ClCompile Include="src\hooking\hooks\handle_clone_sync.cpp" />
    <ClCompile Include="src\core\core.cpp" />
    <ClCompile Include="src\features\features.cpp" />
    <ClCompile Include="src\features\script_injector.cpp" />
    <ClCompile Include="src\util\filesystem\filesystem.cpp" />
    <ClCompile Include="src\hooking\hooking.cpp" />
    <ClCompile Include="src\hooking\hooks\network_is_signed_online.cpp" />
    <ClCompile Include="src\hooking\method\detour\detour.cpp" />
    <ClCompile Include="src\logger\logger.cpp" />
    <ClCompile Include="src\memory\memory.cpp" />
    <ClCompile Include="src\memory\pointers\pointers.cpp" />
    <ClCompile Include="src\memory\util.cpp" />
    <ClCompile Include="src\pch\pch.cpp" />
    <ClCompile Include="src\prx\prx.cpp" />
    <ClCompile Include="src\rage\natives\invoker\invoker.cpp" />
    <ClCompile Include="src\ui\script\script.cpp" />
    <ClCompile Include="src\syscalls\syscalls.cpp" />
    <ClCompile Include="src\hooking\method\native\native.cpp" />
    <ClCompile Include="src\ui\manager\manager.cpp" />
    <ClCompile Include="src\ui\submenus\demo\demo.cpp" />
    <ClCompile Include="src\ui\submenus\players\players.cpp" />
    <ClCompile Include="src\ui\submenus\players\selected_player\selected_player.cpp" />
    <ClCompile Include="src\ui\submenus\settings\description\background\description_background.cpp" />
    <ClCompile Include="src\ui\submenus\settings\description\description.cpp" />
    <ClCompile Include="src\ui\submenus\settings\description\text\description_text.cpp" />
    <ClCompile Include="src\ui\submenus\settings\footer\background\footer_background.cpp" />
    <ClCompile Include="src\ui\submenus\settings\footer\footer.cpp" />
    <ClCompile Include="src\ui\submenus\settings\footer\sprite\footer_sprite.cpp" />
    <ClCompile Include="src\ui\submenus\settings\header\background\header_background.cpp" />
    <ClCompile Include="src\ui\submenus\settings\header\header.cpp" />
    <ClCompile Include="src\ui\submenus\settings\header\text\header_text.cpp" />
    <ClCompile Include="src\ui\submenus\settings\options\background\options_background.cpp" />
    <ClCompile Include="src\ui\submenus\settings\options\background\selected\options_bg_selected.cpp" />
    <ClCompile Include="src\ui\submenus\settings\options\options.cpp" />
    <ClCompile Include="src\ui\submenus\settings\options\sprite\arrow\arrow.cpp" />
    <ClCompile Include="src\ui\submenus\settings\options\sprite\arrow\selected\arrow_selected.cpp" />
    <ClCompile Include="src\ui\submenus\settings\options\sprite\sprite.cpp" />
    <ClCompile Include="src\ui\submenus\settings\options\sprite\toggle\selected\toggle_selected.cpp" />
    <ClCompile Include="src\ui\submenus\settings\options\sprite\toggle\toggle.cpp" />
    <ClCompile Include="src\ui\submenus\settings\options\text\options_text.cpp" />
    <ClCompile Include="src\ui\submenus\settings\options\text\selected\text_selected.cpp" />
    <ClCompile Include="src\ui\submenus\settings\settings.cpp" />
    <ClCompile Include="src\ui\submenus\settings\subtitle\background\subtitle_background.cpp" />
    <ClCompile Include="src\ui\submenus\settings\subtitle\subtitle.cpp" />
    <ClCompile Include="src\ui\submenus\settings\subtitle\text\subtitle_text.cpp" />
  </ItemGroup>
  <ItemGroup>
    <ClInclude Include="src\common\defines.h" />
    <ClInclude Include="src\common\enums.h" />
    <ClInclude Include="src\common\map.h" />
    <ClInclude Include="src\common\math.h" />
    <ClInclude Include="src\common\opcodes.h" />
    <ClInclude Include="src\common\optional.h" />
    <ClInclude Include="src\common\pair.h" />
    <ClInclude Include="src\common\stack.h" />
    <ClInclude Include="src\common\string.h" />
    <ClInclude Include="src\common\templates.h" />
    <ClInclude Include="src\common\timer.h" />
    <ClInclude Include="src\common\vector.h" />
    <ClInclude Include="src\core\core.h" />
    <ClInclude Include="src\features\features.h" />
    <ClInclude Include="src\features\script_injector.h" />
    <ClInclude Include="src\rage\joaat.h" />
    <ClInclude Include="src\rage\page.h" />
    <ClInclude Include="src\rage\ped_factory.h" />
    <ClInclude Include="src\rage\scr_program.h" />
    <ClInclude Include="src\util\filesystem\filesystem.h" />
    <ClInclude Include="src\hooking\hooking.h" />
    <ClInclude Include="src\hooking\method\detour\detour.h" />
    <ClInclude Include="src\include.h" />
    <ClInclude Include="src\logger\logger.h" />
    <ClInclude Include="src\memory\memory.h" />
    <ClInclude Include="src\memory\module.h" />
    <ClInclude Include="src\memory\pointers\pointers.h" />
    <ClInclude Include="src\memory\scanner.h" />
    <ClInclude Include="src\memory\util.h" />
    <ClInclude Include="src\rage\natives\caller.h" />
    <ClInclude Include="src\rage\natives\natives.h" />
    <ClInclude Include="src\pch\pch.h" />
    <ClInclude Include="src\prx\prx.h" />
    <ClInclude Include="src\rage\natives\call_context.h" />
    <ClInclude Include="src\rage\natives\invoker\invoker.h" />
    <ClInclude Include="src\rage\scr_native_call_context.h" />
    <ClInclude Include="src\rage\scr_native_registration.h" />
    <ClInclude Include="src\rage\scr_value.h" />
    <ClInclude Include="src\rage\scr_vector.h" />
    <ClInclude Include="src\rage\vectors.h" />
    <ClInclude Include="src\ui\script\script.h" />
    <ClInclude Include="src\syscalls\syscalls.h" />
    <ClInclude Include="src\hooking\method\native\native.h" />
    <ClInclude Include="src\rage\natives\types.h" />
    <ClInclude Include="src\ui\classes.h" />
    <ClInclude Include="src\ui\manager\manager.h" />
    <ClInclude Include="src\ui\math.h" />
    <ClInclude Include="src\ui\submenus\demo\demo.h" />
    <ClInclude Include="src\ui\submenus\players\players.h" />
    <ClInclude Include="src\ui\submenus\players\selected_player\selected_player.h" />
    <ClInclude Include="src\ui\submenus\settings\description\background\description_background.h" />
    <ClInclude Include="src\ui\submenus\settings\description\description.h" />
    <ClInclude Include="src\ui\submenus\settings\description\text\description_text.h" />
    <ClInclude Include="src\ui\submenus\settings\footer\background\footer_background.h" />
    <ClInclude Include="src\ui\submenus\settings\footer\footer.h" />
    <ClInclude Include="src\ui\submenus\settings\footer\sprite\footer_sprite.h" />
    <ClInclude Include="src\ui\submenus\settings\header\background\header_background.h" />
    <ClInclude Include="src\ui\submenus\settings\header\header.h" />
    <ClInclude Include="src\ui\submenus\settings\header\text\header_text.h" />
    <ClInclude Include="src\ui\submenus\settings\options\background\options_background.h" />
    <ClInclude Include="src\ui\submenus\settings\options\background\selected\options_bg_selected.h" />
    <ClInclude Include="src\ui\submenus\settings\options\options.h" />
    <ClInclude Include="src\ui\submenus\settings\options\sprite\arrow\arrow.h" />
    <ClInclude Include="src\ui\submenus\settings\options\sprite\arrow\selected\arrow_selected.h" />
    <ClInclude Include="src\ui\submenus\settings\options\sprite\sprite.h" />
    <ClInclude Include="src\ui\submenus\settings\options\sprite\toggle\selected\toggle_selected.h" />
    <ClInclude Include="src\ui\submenus\settings\options\sprite\toggle\toggle.h" />
    <ClInclude Include="src\ui\submenus\settings\options\text\options_text.h" />
    <ClInclude Include="src\ui\submenus\settings\options\text\selected\text_selected.h" />
    <ClInclude Include="src\ui\submenus\settings\settings.h" />
    <ClInclude Include="src\ui\submenus\settings\subtitle\background\subtitle_background.h" />
    <ClInclude Include="src\ui\submenus\settings\subtitle\subtitle.h" />
    <ClInclude Include="src\ui\submenus\settings\subtitle\text\subtitle_text.h" />
    <ClInclude Include="src\ui\types\abstract_option.h" />
    <ClInclude Include="src\ui\types\base_option.h" />
    <ClInclude Include="src\ui\types\number_option.h" />
    <ClInclude Include="src\ui\types\player_option.h" />
    <ClInclude Include="src\ui\types\toggle_option.h" />
    <ClInclude Include="src\ui\types\option.h" />
    <ClInclude Include="src\ui\types\submenu.h" />
    <ClInclude Include="src\ui\types\submenu_option.h" />
    <ClInclude Include="src\ui\types\vector_option.h" />
    <ClInclude Include="src\util\global.h" />
  </ItemGroup>
</Project>